
Microsoft Visual Studio Solution File, Format Version 12.00
# Visual Studio Version 17
VisualStudioVersion = 17.10.34928.147
MinimumVisualStudioVersion = 10.0.40219.1
Project("{2150E333-8FDC-42A3-9474-1A3956D46DE8}") = "src", "src", "{50584AC6-334F-4320-B3B3-9F4D320C943B}"
EndProject
Project("{2150E333-8FDC-42A3-9474-1A3956D46DE8}") = "APIs", "APIs", "{408D11A7-31A6-42B0-BD3E-3D691FC2DBA7}"
EndProject
Project("{2150E333-8FDC-42A3-9474-1A3956D46DE8}") = "Core", "Core", "{C607CBC2-3D82-4C95-9FAB-B05F443CA825}"
EndProject
Project("{2150E333-8FDC-42A3-9474-1A3956D46DE8}") = "Infrastructure", "Infrastructure", "{AA6060DB-7426-42D7-845E-A23DD0C1AD1D}"
EndProject
Project("{2150E333-8FDC-42A3-9474-1A3956D46DE8}") = "UI", "UI", "{0D1CCD65-CFCD-4260-88C9-94774FDC486E}"
EndProject
Project("{2150E333-8FDC-42A3-9474-1A3956D46DE8}") = "test", "test", "{3F2FD17B-8918-4172-9F33-96B367277CB6}"
EndProject
Project("{2150E333-8FDC-42A3-9474-1A3956D46DE8}") = "Client", "Client", "{4F3F7F79-B1B6-4B25-9BB6-34ABD0C87EBB}"
EndProject
Project("{2150E333-8FDC-42A3-9474-1A3956D46DE8}") = "Dashboard", "Dashboard", "{AF11B7F9-47AE-4CEC-BB89-C4A66F61D92B}"
EndProject
Project("{9A19103F-16F7-4668-BE54-9A1E7A4F7556}") = "LinkDev.Talabat.APIs", "LinkDev.Talabat.APIs\LinkDev.Talabat.APIs.csproj", "{931E6EAA-2323-4326-ABDA-7D12536EFF24}"
EndProject
Project("{9A19103F-16F7-4668-BE54-9A1E7A4F7556}") = "LinkDev.Talabat.Core.Domain", "LinkDev.Talabat.Core.Domain\LinkDev.Talabat.Core.Domain.csproj", "{BDB63579-1DDF-440C-81FB-1E41B6271F1F}"
EndProject
Project("{9A19103F-16F7-4668-BE54-9A1E7A4F7556}") = "LinkDev.Talabat.Core.Application", "LinkDev.Talabat.Core.Application\LinkDev.Talabat.Core.Application.csproj", "{DFC8F27B-D1A1-4D93-A7E7-50E6784CF516}"
EndProject
Project("{9A19103F-16F7-4668-BE54-9A1E7A4F7556}") = "LinkDev.Talabat.Core.Application.Abstraction", "LinkDev.Talabat.Core.Application.Abstraction\LinkDev.Talabat.Core.Application.Abstraction.csproj", "{8D21F84B-0B81-4937-B4B6-9CC678DC40D8}"
EndProject
Project("{9A19103F-16F7-4668-BE54-9A1E7A4F7556}") = "LinkDev.Talabat.Infrastructure", "LinkDev.Talabat.Infrastructure\LinkDev.Talabat.Infrastructure.csproj", "{33832D76-E41D-4D84-929C-3A00DA532131}"
EndProject
Project("{9A19103F-16F7-4668-BE54-9A1E7A4F7556}") = "LinkDev.Talabat.Infrastructure.Presistance", "LinkDev.Talabat.Infrastructure.Presistance\LinkDev.Talabat.Infrastructure.Presistance.csproj", "{97FA83DD-8BC9-4377-B32F-C2D051C0E8BC}"
EndProject
Project("{9A19103F-16F7-4668-BE54-9A1E7A4F7556}") = "LinkDev.Talabat.Dashboard", "LinkDev.Talabat.Dashboard\LinkDev.Talabat.Dashboard.csproj", "{B2359F45-8AA2-47ED-B388-6174B032B859}"
EndProject
Project("{9A19103F-16F7-4668-BE54-9A1E7A4F7556}") = "LinkDev.Talabat.APIs.Controllers", "LinkDev.Talabat.APIs.Controllers\LinkDev.Talabat.APIs.Controllers.csproj", "{951CD720-41D3-42EF-954C-22ED15354681}"
EndProject
Global
	GlobalSection(SolutionConfigurationPlatforms) = preSolution
		Debug|Any CPU = Debug|Any CPU
		Release|Any CPU = Release|Any CPU
	EndGlobalSection
	GlobalSection(ProjectConfigurationPlatforms) = postSolution
		{931E6EAA-2323-4326-ABDA-7D12536EFF24}.Debug|Any CPU.ActiveCfg = Debug|Any CPU
		{931E6EAA-2323-4326-ABDA-7D12536EFF24}.Debug|Any CPU.Build.0 = Debug|Any CPU
		{931E6EAA-2323-4326-ABDA-7D12536EFF24}.Release|Any CPU.ActiveCfg = Release|Any CPU
		{931E6EAA-2323-4326-ABDA-7D12536EFF24}.Release|Any CPU.Build.0 = Release|Any CPU
		{BDB63579-1DDF-440C-81FB-1E41B6271F1F}.Debug|Any CPU.ActiveCfg = Debug|Any CPU
		{BDB63579-1DDF-440C-81FB-1E41B6271F1F}.Debug|Any CPU.Build.0 = Debug|Any CPU
		{BDB63579-1DDF-440C-81FB-1E41B6271F1F}.Release|Any CPU.ActiveCfg = Release|Any CPU
		{BDB63579-1DDF-440C-81FB-1E41B6271F1F}.Release|Any CPU.Build.0 = Release|Any CPU
		{DFC8F27B-D1A1-4D93-A7E7-50E6784CF516}.Debug|Any CPU.ActiveCfg = Debug|Any CPU
		{DFC8F27B-D1A1-4D93-A7E7-50E6784CF516}.Debug|Any CPU.Build.0 = Debug|Any CPU
		{DFC8F27B-D1A1-4D93-A7E7-50E6784CF516}.Release|Any CPU.ActiveCfg = Release|Any CPU
		{DFC8F27B-D1A1-4D93-A7E7-50E6784CF516}.Release|Any CPU.Build.0 = Release|Any CPU
		{8D21F84B-0B81-4937-B4B6-9CC678DC40D8}.Debug|Any CPU.ActiveCfg = Debug|Any CPU
		{8D21F84B-0B81-4937-B4B6-9CC678DC40D8}.Debug|Any CPU.Build.0 = Debug|Any CPU
		{8D21F84B-0B81-4937-B4B6-9CC678DC40D8}.Release|Any CPU.ActiveCfg = Release|Any CPU
		{8D21F84B-0B81-4937-B4B6-9CC678DC40D8}.Release|Any CPU.Build.0 = Release|Any CPU
		{33832D76-E41D-4D84-929C-3A00DA532131}.Debug|Any CPU.ActiveCfg = Debug|Any CPU
		{33832D76-E41D-4D84-929C-3A00DA532131}.Debug|Any CPU.Build.0 = Debug|Any CPU
		{33832D76-E41D-4D84-929C-3A00DA532131}.Release|Any CPU.ActiveCfg = Release|Any CPU
		{33832D76-E41D-4D84-929C-3A00DA532131}.Release|Any CPU.Build.0 = Release|Any CPU
		{97FA83DD-8BC9-4377-B32F-C2D051C0E8BC}.Debug|Any CPU.ActiveCfg = Debug|Any CPU
		{97FA83DD-8BC9-4377-B32F-C2D051C0E8BC}.Debug|Any CPU.Build.0 = Debug|Any CPU
		{97FA83DD-8BC9-4377-B32F-C2D051C0E8BC}.Release|Any CPU.ActiveCfg = Release|Any CPU
		{97FA83DD-8BC9-4377-B32F-C2D051C0E8BC}.Release|Any CPU.Build.0 = Release|Any CPU
		{B2359F45-8AA2-47ED-B388-6174B032B859}.Debug|Any CPU.ActiveCfg = Debug|Any CPU
		{B2359F45-8AA2-47ED-B388-6174B032B859}.Debug|Any CPU.Build.0 = Debug|Any CPU
		{B2359F45-8AA2-47ED-B388-6174B032B859}.Release|Any CPU.ActiveCfg = Release|Any CPU
		{B2359F45-8AA2-47ED-B388-6174B032B859}.Release|Any CPU.Build.0 = Release|Any CPU
		{951CD720-41D3-42EF-954C-22ED15354681}.Debug|Any CPU.ActiveCfg = Debug|Any CPU
		{951CD720-41D3-42EF-954C-22ED15354681}.Debug|Any CPU.Build.0 = Debug|Any CPU
		{951CD720-41D3-42EF-954C-22ED15354681}.Release|Any CPU.ActiveCfg = Release|Any CPU
		{951CD720-41D3-42EF-954C-22ED15354681}.Release|Any CPU.Build.0 = Release|Any CPU
	EndGlobalSection
	GlobalSection(SolutionProperties) = preSolution
		HideSolutionNode = FALSE
	EndGlobalSection
	GlobalSection(NestedProjects) = preSolution
		{408D11A7-31A6-42B0-BD3E-3D691FC2DBA7} = {50584AC6-334F-4320-B3B3-9F4D320C943B}
		{C607CBC2-3D82-4C95-9FAB-B05F443CA825} = {50584AC6-334F-4320-B3B3-9F4D320C943B}
		{AA6060DB-7426-42D7-845E-A23DD0C1AD1D} = {50584AC6-334F-4320-B3B3-9F4D320C943B}
		{0D1CCD65-CFCD-4260-88C9-94774FDC486E} = {50584AC6-334F-4320-B3B3-9F4D320C943B}
		{4F3F7F79-B1B6-4B25-9BB6-34ABD0C87EBB} = {0D1CCD65-CFCD-4260-88C9-94774FDC486E}
		{AF11B7F9-47AE-4CEC-BB89-C4A66F61D92B} = {0D1CCD65-CFCD-4260-88C9-94774FDC486E}
		{931E6EAA-2323-4326-ABDA-7D12536EFF24} = {408D11A7-31A6-42B0-BD3E-3D691FC2DBA7}
		{BDB63579-1DDF-440C-81FB-1E41B6271F1F} = {C607CBC2-3D82-4C95-9FAB-B05F443CA825}
		{DFC8F27B-D1A1-4D93-A7E7-50E6784CF516} = {C607CBC2-3D82-4C95-9FAB-B05F443CA825}
		{8D21F84B-0B81-4937-B4B6-9CC678DC40D8} = {C607CBC2-3D82-4C95-9FAB-B05F443CA825}
		{33832D76-E41D-4D84-929C-3A00DA532131} = {AA6060DB-7426-42D7-845E-A23DD0C1AD1D}
		{97FA83DD-8BC9-4377-B32F-C2D051C0E8BC} = {AA6060DB-7426-42D7-845E-A23DD0C1AD1D}
		{B2359F45-8AA2-47ED-B388-6174B032B859} = {AF11B7F9-47AE-4CEC-BB89-C4A66F61D92B}
		{951CD720-41D3-42EF-954C-22ED15354681} = {408D11A7-31A6-42B0-BD3E-3D691FC2DBA7}
	EndGlobalSection
	GlobalSection(ExtensibilityGlobals) = postSolution
		SolutionGuid = {05050178-4C17-461F-9D2D-C54CB8EEC96B}
	EndGlobalSection
EndGlobal
